
Microsoft Visual Studio Solution File, Format Version 12.00
# Visual Studio 15
VisualStudioVersion = 15.0.26730.8
MinimumVisualStudioVersion = 10.0.40219.1
Project("{FAE04EC0-301F-11D3-BF4B-00C04F79EFBC}") = "RRSApp", "RRSApp\RRSApp.csproj", "{E3E0782F-3672-4EEF-BD16-227725A6CF8D}"
EndProject
Project("{FAE04EC0-301F-11D3-BF4B-00C04F79EFBC}") = "RRSRepository", "RRSRepository\RRSRepository.csproj", "{F428BBB9-5EE7-4213-B4C4-E7D43B849E4A}"
EndProject
Project("{FAE04EC0-301F-11D3-BF4B-00C04F79EFBC}") = "RRSEntity", "RRSEntity\RRSEntity.csproj", "{472FC8DA-2272-41FE-9A58-6E99FB596224}"
EndProject
Project("{FAE04EC0-301F-11D3-BF4B-00C04F79EFBC}") = "RRSData", "RRSData\RRSData.csproj", "{B2683D2B-BAF5-42C5-965C-DA227B18744D}"
EndProject
Project("{FAE04EC0-301F-11D3-BF4B-00C04F79EFBC}") = "RRSInterface", "RRSInterface\RRSInterface.csproj", "{548C6BE2-024F-4009-81DE-D895B14BEE2F}"
EndProject
Global
	GlobalSection(SolutionConfigurationPlatforms) = preSolution
		Debug|Any CPU = Debug|Any CPU
		Release|Any CPU = Release|Any CPU
	EndGlobalSection
	GlobalSection(ProjectConfigurationPlatforms) = postSolution
		{E3E0782F-3672-4EEF-BD16-227725A6CF8D}.Debug|Any CPU.ActiveCfg = Debug|Any CPU
		{E3E0782F-3672-4EEF-BD16-227725A6CF8D}.Debug|Any CPU.Build.0 = Debug|Any CPU
		{E3E0782F-3672-4EEF-BD16-227725A6CF8D}.Release|Any CPU.ActiveCfg = Release|Any CPU
		{E3E0782F-3672-4EEF-BD16-227725A6CF8D}.Release|Any CPU.Build.0 = Release|Any CPU
		{F428BBB9-5EE7-4213-B4C4-E7D43B849E4A}.Debug|Any CPU.ActiveCfg = Debug|Any CPU
		{F428BBB9-5EE7-4213-B4C4-E7D43B849E4A}.Debug|Any CPU.Build.0 = Debug|Any CPU
		{F428BBB9-5EE7-4213-B4C4-E7D43B849E4A}.Release|Any CPU.ActiveCfg = Release|Any CPU
		{F428BBB9-5EE7-4213-B4C4-E7D43B849E4A}.Release|Any CPU.Build.0 = Release|Any CPU
		{472FC8DA-2272-41FE-9A58-6E99FB596224}.Debug|Any CPU.ActiveCfg = Debug|Any CPU
		{472FC8DA-2272-41FE-9A58-6E99FB596224}.Debug|Any CPU.Build.0 = Debug|Any CPU
		{472FC8DA-2272-41FE-9A58-6E99FB596224}.Release|Any CPU.ActiveCfg = Release|Any CPU
		{472FC8DA-2272-41FE-9A58-6E99FB596224}.Release|Any CPU.Build.0 = Release|Any CPU
		{B2683D2B-BAF5-42C5-965C-DA227B18744D}.Debug|Any CPU.ActiveCfg = Debug|Any CPU
		{B2683D2B-BAF5-42C5-965C-DA227B18744D}.Debug|Any CPU.Build.0 = Debug|Any CPU
		{B2683D2B-BAF5-42C5-965C-DA227B18744D}.Release|Any CPU.ActiveCfg = Release|Any CPU
		{B2683D2B-BAF5-42C5-965C-DA227B18744D}.Release|Any CPU.Build.0 = Release|Any CPU
		{548C6BE2-024F-4009-81DE-D895B14BEE2F}.Debug|Any CPU.ActiveCfg = Debug|Any CPU
		{548C6BE2-024F-4009-81DE-D895B14BEE2F}.Debug|Any CPU.Build.0 = Debug|Any CPU
		{548C6BE2-024F-4009-81DE-D895B14BEE2F}.Release|Any CPU.ActiveCfg = Release|Any CPU
		{548C6BE2-024F-4009-81DE-D895B14BEE2F}.Release|Any CPU.Build.0 = Release|Any CPU
	EndGlobalSection
	GlobalSection(SolutionProperties) = preSolution
		HideSolutionNode = FALSE
	EndGlobalSection
	GlobalSection(ExtensibilityGlobals) = postSolution
		SolutionGuid = {210A509A-B735-446B-B328-AB5A5C4171E9}
	EndGlobalSection
EndGlobal
